// !$*UTF8*$!
{
	archiveVersion = 1;
	classes = {
	};
	objectVersion = 46;
	objects = {

/* Begin PBXBuildFile section */
		0B04355F1D6A06FC00D46715 /* QueryService.swift in Sources */ = {isa = PBXBuildFile; fileRef = 0B04355E1D6A06FC00D46715 /* QueryService.swift */; };
		0B0435621D6A081100D46715 /* GTFSFileLoader.swift in Sources */ = {isa = PBXBuildFile; fileRef = 0B0435611D6A081100D46715 /* GTFSFileLoader.swift */; };
		0B1D35FE1D84AB07003CF04A /* PairingViewController.swift in Sources */ = {isa = PBXBuildFile; fileRef = 0B1D35FD1D84AB07003CF04A /* PairingViewController.swift */; };
		0B1D36001D84B3FF003CF04A /* StopPairingDTO.swift in Sources */ = {isa = PBXBuildFile; fileRef = 0B1D35FF1D84B3FF003CF04A /* StopPairingDTO.swift */; };
		0B1D36021D84B6DD003CF04A /* AppThemeController.swift in Sources */ = {isa = PBXBuildFile; fileRef = 0B1D36011D84B6DD003CF04A /* AppThemeController.swift */; };
		0B1D36041D84CAE6003CF04A /* AttributedStringBuilder.swift in Sources */ = {isa = PBXBuildFile; fileRef = 0B1D36031D84CAE6003CF04A /* AttributedStringBuilder.swift */; };
		0B5C95F31D6010CF00F66B8F /* AppDelegate.swift in Sources */ = {isa = PBXBuildFile; fileRef = 0B5C95F21D6010CF00F66B8F /* AppDelegate.swift */; };
		0B5C95F51D6010CF00F66B8F /* RootViewController.swift in Sources */ = {isa = PBXBuildFile; fileRef = 0B5C95F41D6010CF00F66B8F /* RootViewController.swift */; };
		0B5C95FA1D6010CF00F66B8F /* Assets.xcassets in Resources */ = {isa = PBXBuildFile; fileRef = 0B5C95F91D6010CF00F66B8F /* Assets.xcassets */; };
		0B5C95FD1D6010CF00F66B8F /* LaunchScreen.storyboard in Resources */ = {isa = PBXBuildFile; fileRef = 0B5C95FB1D6010CF00F66B8F /* LaunchScreen.storyboard */; };
		0B5C96021D6010CF00F66B8F /* MyNextTrain WatchKit App.app in Embed Watch Content */ = {isa = PBXBuildFile; fileRef = 0B5C96011D6010CF00F66B8F /* MyNextTrain WatchKit App.app */; };
		0B5C96081D6010CF00F66B8F /* Interface.storyboard in Resources */ = {isa = PBXBuildFile; fileRef = 0B5C96061D6010CF00F66B8F /* Interface.storyboard */; };
		0B5C960A1D6010CF00F66B8F /* Assets.xcassets in Resources */ = {isa = PBXBuildFile; fileRef = 0B5C96091D6010CF00F66B8F /* Assets.xcassets */; };
		0B5C96111D6010CF00F66B8F /* MyNextTrain WatchKit Extension.appex in Embed App Extensions */ = {isa = PBXBuildFile; fileRef = 0B5C96101D6010CF00F66B8F /* MyNextTrain WatchKit Extension.appex */; settings = {ATTRIBUTES = (RemoveHeadersOnCopy, ); }; };
		0B5C96181D6010CF00F66B8F /* InterfaceController.swift in Sources */ = {isa = PBXBuildFile; fileRef = 0B5C96171D6010CF00F66B8F /* InterfaceController.swift */; };
		0B5C961A1D6010CF00F66B8F /* ExtensionDelegate.swift in Sources */ = {isa = PBXBuildFile; fileRef = 0B5C96191D6010CF00F66B8F /* ExtensionDelegate.swift */; };
		0B5C961C1D6010CF00F66B8F /* NotificationController.swift in Sources */ = {isa = PBXBuildFile; fileRef = 0B5C961B1D6010CF00F66B8F /* NotificationController.swift */; };
		0B5C961E1D6010CF00F66B8F /* ComplicationController.swift in Sources */ = {isa = PBXBuildFile; fileRef = 0B5C961D1D6010CF00F66B8F /* ComplicationController.swift */; };
		0B5C96201D6010CF00F66B8F /* Assets.xcassets in Resources */ = {isa = PBXBuildFile; fileRef = 0B5C961F1D6010CF00F66B8F /* Assets.xcassets */; };
		0B5C96391D60DC1800F66B8F /* agency.txt in Resources */ = {isa = PBXBuildFile; fileRef = 0B5C96311D60DC1800F66B8F /* agency.txt */; };
		0B5C963A1D60DC1800F66B8F /* calendar_dates.txt in Resources */ = {isa = PBXBuildFile; fileRef = 0B5C96321D60DC1800F66B8F /* calendar_dates.txt */; };
		0B5C963B1D60DC1800F66B8F /* feed_info.txt in Resources */ = {isa = PBXBuildFile; fileRef = 0B5C96331D60DC1800F66B8F /* feed_info.txt */; };
		0B5C963C1D60DC1800F66B8F /* routes.txt in Resources */ = {isa = PBXBuildFile; fileRef = 0B5C96341D60DC1800F66B8F /* routes.txt */; };
		0B5C963D1D60DC1800F66B8F /* shapes.txt in Resources */ = {isa = PBXBuildFile; fileRef = 0B5C96351D60DC1800F66B8F /* shapes.txt */; };
		0B5C963E1D60DC1800F66B8F /* stop_times.txt in Resources */ = {isa = PBXBuildFile; fileRef = 0B5C96361D60DC1800F66B8F /* stop_times.txt */; };
		0B5C963F1D60DC1800F66B8F /* stops.txt in Resources */ = {isa = PBXBuildFile; fileRef = 0B5C96371D60DC1800F66B8F /* stops.txt */; };
		0B5C96401D60DC1800F66B8F /* trips.txt in Resources */ = {isa = PBXBuildFile; fileRef = 0B5C96381D60DC1800F66B8F /* trips.txt */; };
		0B7C6EDC1D7E37250022D794 /* DoubleExtension.swift in Sources */ = {isa = PBXBuildFile; fileRef = 0B7C6EDB1D7E37250022D794 /* DoubleExtension.swift */; };
		0B8084AF1D7DDD9300CAF56D /* TripSummary.swift in Sources */ = {isa = PBXBuildFile; fileRef = 0B8084AE1D7DDD9300CAF56D /* TripSummary.swift */; };
		0B8084B11D7DE0E900CAF56D /* DirectTripSummaryDTO.swift in Sources */ = {isa = PBXBuildFile; fileRef = 0B8084B01D7DE0E900CAF56D /* DirectTripSummaryDTO.swift */; };
		0B8084B31D7DE48D00CAF56D /* CollectionExtensions.swift in Sources */ = {isa = PBXBuildFile; fileRef = 0B8084B21D7DE48D00CAF56D /* CollectionExtensions.swift */; };
		0B8084B61D7E0A8A00CAF56D /* UpcomingTripsViewController.swift in Sources */ = {isa = PBXBuildFile; fileRef = 0B8084B51D7E0A8A00CAF56D /* UpcomingTripsViewController.swift */; };
		0B8084B81D7E118C00CAF56D /* UIViewExtension.swift in Sources */ = {isa = PBXBuildFile; fileRef = 0B8084B71D7E118C00CAF56D /* UIViewExtension.swift */; };
		0B8084BA1D7E14DA00CAF56D /* TripSummaryCell.swift in Sources */ = {isa = PBXBuildFile; fileRef = 0B8084B91D7E14D900CAF56D /* TripSummaryCell.swift */; };
		0B8084BC1D7E16B200CAF56D /* InitializingTableViewCell.swift in Sources */ = {isa = PBXBuildFile; fileRef = 0B8084BB1D7E16B200CAF56D /* InitializingTableViewCell.swift */; };
		0B87BC201D6A117A006E220B /* GTFSFile.swift in Sources */ = {isa = PBXBuildFile; fileRef = 0B87BC1F1D6A117A006E220B /* GTFSFile.swift */; };
		0B87BC2B1D6A222F006E220B /* CalendarDateDTO.swift in Sources */ = {isa = PBXBuildFile; fileRef = 0B87BC2A1D6A222F006E220B /* CalendarDateDTO.swift */; };
		0B87BC2D1D6A2237006E220B /* TripDTO.swift in Sources */ = {isa = PBXBuildFile; fileRef = 0B87BC2C1D6A2237006E220B /* TripDTO.swift */; };
		0B87BC2F1D6A223E006E220B /* StopTimeDTO.swift in Sources */ = {isa = PBXBuildFile; fileRef = 0B87BC2E1D6A223E006E220B /* StopTimeDTO.swift */; };
		0B87BC311D6A2245006E220B /* StopDTO.swift in Sources */ = {isa = PBXBuildFile; fileRef = 0B87BC301D6A2245006E220B /* StopDTO.swift */; };
		0B87BC331D6A224B006E220B /* RouteDTO.swift in Sources */ = {isa = PBXBuildFile; fileRef = 0B87BC321D6A224B006E220B /* RouteDTO.swift */; };
		0B87BC371D6A46D2006E220B /* GTFSFileEntry.swift in Sources */ = {isa = PBXBuildFile; fileRef = 0B87BC361D6A46D2006E220B /* GTFSFileEntry.swift */; };
		0BF1EBED1D9615C1005697F5 /* TransferTripSummaryImpl.swift in Sources */ = {isa = PBXBuildFile; fileRef = 0BF1EBEC1D9615C1005697F5 /* TransferTripSummaryImpl.swift */; };
		0BF1EBEF1D96180F005697F5 /* TransferStopTimeImpl.swift in Sources */ = {isa = PBXBuildFile; fileRef = 0BF1EBEE1D96180F005697F5 /* TransferStopTimeImpl.swift */; };
		105EF7BA1D627F09003356DC /* Route.swift in Sources */ = {isa = PBXBuildFile; fileRef = 105EF7B91D627F09003356DC /* Route.swift */; };
		105EF7BE1D62806B003356DC /* Stop.swift in Sources */ = {isa = PBXBuildFile; fileRef = 105EF7BD1D62806B003356DC /* Stop.swift */; };
		105EF7C01D6280C9003356DC /* StopTime.swift in Sources */ = {isa = PBXBuildFile; fileRef = 105EF7BF1D6280C9003356DC /* StopTime.swift */; };
		105EF7C21D652F3E003356DC /* Trip.swift in Sources */ = {isa = PBXBuildFile; fileRef = 105EF7C11D652F3E003356DC /* Trip.swift */; };
		105EF7C41D67BD0D003356DC /* CalendarDate.swift in Sources */ = {isa = PBXBuildFile; fileRef = 105EF7C31D67BD0D003356DC /* CalendarDate.swift */; };
		105EF7C91D67C2BB003356DC /* Logger.swift in Sources */ = {isa = PBXBuildFile; fileRef = 105EF7C81D67C2BB003356DC /* Logger.swift */; };
		10B74B0F1D8A0D5800303281 /* DictionaryExtension.swift in Sources */ = {isa = PBXBuildFile; fileRef = 10B74B0E1D8A0D5800303281 /* DictionaryExtension.swift */; };
		10B74B111D8A2B3F00303281 /* TransferTripSummaryDTO.swift in Sources */ = {isa = PBXBuildFile; fileRef = 10B74B101D8A2B3F00303281 /* TransferTripSummaryDTO.swift */; };
		10B74B131D8A2C3A00303281 /* FromToPair.swift in Sources */ = {isa = PBXBuildFile; fileRef = 10B74B121D8A2C3A00303281 /* FromToPair.swift */; };
		10EC9C311D6BBCE900D29CE0 /* StringExtension.swift in Sources */ = {isa = PBXBuildFile; fileRef = 10EC9C301D6BBCE900D29CE0 /* StringExtension.swift */; };
		10EC9C341D6D009E00D29CE0 /* RouteImpl.swift in Sources */ = {isa = PBXBuildFile; fileRef = 10EC9C331D6D009E00D29CE0 /* RouteImpl.swift */; };
		10EC9C361D6D071C00D29CE0 /* StopImpl.swift in Sources */ = {isa = PBXBuildFile; fileRef = 10EC9C351D6D071C00D29CE0 /* StopImpl.swift */; };
		10EC9C381D6D092A00D29CE0 /* GTFSFileRow.swift in Sources */ = {isa = PBXBuildFile; fileRef = 10EC9C371D6D092A00D29CE0 /* GTFSFileRow.swift */; };
		10EC9C3A1D6D11A900D29CE0 /* StopTimeImpl.swift in Sources */ = {isa = PBXBuildFile; fileRef = 10EC9C391D6D11A900D29CE0 /* StopTimeImpl.swift */; };
		10EC9C3C1D6D148C00D29CE0 /* TripImpl.swift in Sources */ = {isa = PBXBuildFile; fileRef = 10EC9C3B1D6D148C00D29CE0 /* TripImpl.swift */; };
		10EC9C3E1D76320900D29CE0 /* CalendarDateImpl.swift in Sources */ = {isa = PBXBuildFile; fileRef = 10EC9C3D1D76320900D29CE0 /* CalendarDateImpl.swift */; };
		10EC9C401D76358300D29CE0 /* ErrorExtension.swift in Sources */ = {isa = PBXBuildFile; fileRef = 10EC9C3F1D76358300D29CE0 /* ErrorExtension.swift */; };
		10EC9C421D7CFFF300D29CE0 /* RealmQueryService.swift in Sources */ = {isa = PBXBuildFile; fileRef = 10EC9C411D7CFFF300D29CE0 /* RealmQueryService.swift */; };
		10FE08181D7F754300894D5C /* FavoritePairsViewController.swift in Sources */ = {isa = PBXBuildFile; fileRef = 10FE08171D7F754300894D5C /* FavoritePairsViewController.swift */; };
		10FE081A1D7F768100894D5C /* StopPairing.swift in Sources */ = {isa = PBXBuildFile; fileRef = 10FE08191D7F768100894D5C /* StopPairing.swift */; };
		10FE081C1D7F770C00894D5C /* StopPairingImpl.swift in Sources */ = {isa = PBXBuildFile; fileRef = 10FE081B1D7F770C00894D5C /* StopPairingImpl.swift */; };
		10FE081F1D7F822C00894D5C /* UpdateService.swift in Sources */ = {isa = PBXBuildFile; fileRef = 10FE081E1D7F822C00894D5C /* UpdateService.swift */; };
		10FE08211D7F88DE00894D5C /* RealmUpdateService.swift in Sources */ = {isa = PBXBuildFile; fileRef = 10FE08201D7F88DE00894D5C /* RealmUpdateService.swift */; };
		10FE08231D7F8CD500894D5C /* AddPairingViewController.swift in Sources */ = {isa = PBXBuildFile; fileRef = 10FE08221D7F8CD500894D5C /* AddPairingViewController.swift */; };
		6762FD6E34A74920BD9CBA78 /* Pods_MyNextTrain_WatchKit_App.framework in Frameworks */ = {isa = PBXBuildFile; fileRef = AF643DF0EA51BD717F65699B /* Pods_MyNextTrain_WatchKit_App.framework */; };
		98E3A03078DC0A0AEF538D03 /* Pods_MyNextTrain.framework in Frameworks */ = {isa = PBXBuildFile; fileRef = ACEEC8261895F5D59DDE2E45 /* Pods_MyNextTrain.framework */; };
		FCF0A0D713709B204CE6D104 /* Pods_MyNextTrain_WatchKit_Extension.framework in Frameworks */ = {isa = PBXBuildFile; fileRef = 34CAFBA16A266A232EAEF4CC /* Pods_MyNextTrain_WatchKit_Extension.framework */; };
/* End PBXBuildFile section */

/* Begin PBXContainerItemProxy section */
		0B5C96031D6010CF00F66B8F /* PBXContainerItemProxy */ = {
			isa = PBXContainerItemProxy;
			containerPortal = 0B5C95E71D6010CE00F66B8F /* Project object */;
			proxyType = 1;
			remoteGlobalIDString = 0B5C96001D6010CF00F66B8F;
			remoteInfo = "MyNextTrain WatchKit App";
		};
		0B5C96121D6010CF00F66B8F /* PBXContainerItemProxy */ = {
			isa = PBXContainerItemProxy;
			containerPortal = 0B5C95E71D6010CE00F66B8F /* Project object */;
			proxyType = 1;
			remoteGlobalIDString = 0B5C960F1D6010CF00F66B8F;
			remoteInfo = "MyNextTrain WatchKit Extension";
		};
/* End PBXContainerItemProxy section */

/* Begin PBXCopyFilesBuildPhase section */
		0B5C96271D6010CF00F66B8F /* Embed App Extensions */ = {
			isa = PBXCopyFilesBuildPhase;
			buildActionMask = 2147483647;
			dstPath = "";
			dstSubfolderSpec = 13;
			files = (
				0B5C96111D6010CF00F66B8F /* MyNextTrain WatchKit Extension.appex in Embed App Extensions */,
			);
			name = "Embed App Extensions";
			runOnlyForDeploymentPostprocessing = 0;
		};
		0B5C962B1D6010CF00F66B8F /* Embed Watch Content */ = {
			isa = PBXCopyFilesBuildPhase;
			buildActionMask = 2147483647;
			dstPath = "$(CONTENTS_FOLDER_PATH)/Watch";
			dstSubfolderSpec = 16;
			files = (
				0B5C96021D6010CF00F66B8F /* MyNextTrain WatchKit App.app in Embed Watch Content */,
			);
			name = "Embed Watch Content";
			runOnlyForDeploymentPostprocessing = 0;
		};
/* End PBXCopyFilesBuildPhase section */

/* Begin PBXFileReference section */
		0B04355E1D6A06FC00D46715 /* QueryService.swift */ = {isa = PBXFileReference; fileEncoding = 4; lastKnownFileType = sourcecode.swift; path = QueryService.swift; sourceTree = "<group>"; };
		0B0435611D6A081100D46715 /* GTFSFileLoader.swift */ = {isa = PBXFileReference; fileEncoding = 4; lastKnownFileType = sourcecode.swift; path = GTFSFileLoader.swift; sourceTree = "<group>"; };
		0B1D35FD1D84AB07003CF04A /* PairingViewController.swift */ = {isa = PBXFileReference; fileEncoding = 4; lastKnownFileType = sourcecode.swift; path = PairingViewController.swift; sourceTree = "<group>"; };
		0B1D35FF1D84B3FF003CF04A /* StopPairingDTO.swift */ = {isa = PBXFileReference; fileEncoding = 4; lastKnownFileType = sourcecode.swift; path = StopPairingDTO.swift; sourceTree = "<group>"; };
		0B1D36011D84B6DD003CF04A /* AppThemeController.swift */ = {isa = PBXFileReference; fileEncoding = 4; lastKnownFileType = sourcecode.swift; path = AppThemeController.swift; sourceTree = "<group>"; };
		0B1D36031D84CAE6003CF04A /* AttributedStringBuilder.swift */ = {isa = PBXFileReference; fileEncoding = 4; lastKnownFileType = sourcecode.swift; path = AttributedStringBuilder.swift; sourceTree = "<group>"; };
		0B5C95EF1D6010CE00F66B8F /* MyNextTrain.app */ = {isa = PBXFileReference; explicitFileType = wrapper.application; includeInIndex = 0; path = MyNextTrain.app; sourceTree = BUILT_PRODUCTS_DIR; };
		0B5C95F21D6010CF00F66B8F /* AppDelegate.swift */ = {isa = PBXFileReference; lastKnownFileType = sourcecode.swift; path = AppDelegate.swift; sourceTree = "<group>"; };
		0B5C95F41D6010CF00F66B8F /* RootViewController.swift */ = {isa = PBXFileReference; lastKnownFileType = sourcecode.swift; path = RootViewController.swift; sourceTree = "<group>"; };
		0B5C95F91D6010CF00F66B8F /* Assets.xcassets */ = {isa = PBXFileReference; lastKnownFileType = folder.assetcatalog; path = Assets.xcassets; sourceTree = "<group>"; };
		0B5C95FC1D6010CF00F66B8F /* Base */ = {isa = PBXFileReference; lastKnownFileType = file.storyboard; name = Base; path = Base.lproj/LaunchScreen.storyboard; sourceTree = "<group>"; };
		0B5C95FE1D6010CF00F66B8F /* Info.plist */ = {isa = PBXFileReference; lastKnownFileType = text.plist.xml; path = Info.plist; sourceTree = "<group>"; };
		0B5C96011D6010CF00F66B8F /* MyNextTrain WatchKit App.app */ = {isa = PBXFileReference; explicitFileType = wrapper.application; includeInIndex = 0; path = "MyNextTrain WatchKit App.app"; sourceTree = BUILT_PRODUCTS_DIR; };
		0B5C96071D6010CF00F66B8F /* Base */ = {isa = PBXFileReference; lastKnownFileType = file.storyboard; name = Base; path = Base.lproj/Interface.storyboard; sourceTree = "<group>"; };
		0B5C96091D6010CF00F66B8F /* Assets.xcassets */ = {isa = PBXFileReference; lastKnownFileType = folder.assetcatalog; path = Assets.xcassets; sourceTree = "<group>"; };
		0B5C960B1D6010CF00F66B8F /* Info.plist */ = {isa = PBXFileReference; lastKnownFileType = text.plist.xml; path = Info.plist; sourceTree = "<group>"; };
		0B5C96101D6010CF00F66B8F /* MyNextTrain WatchKit Extension.appex */ = {isa = PBXFileReference; explicitFileType = "wrapper.app-extension"; includeInIndex = 0; path = "MyNextTrain WatchKit Extension.appex"; sourceTree = BUILT_PRODUCTS_DIR; };
		0B5C96161D6010CF00F66B8F /* PushNotificationPayload.apns */ = {isa = PBXFileReference; lastKnownFileType = text; path = PushNotificationPayload.apns; sourceTree = "<group>"; };
		0B5C96171D6010CF00F66B8F /* InterfaceController.swift */ = {isa = PBXFileReference; lastKnownFileType = sourcecode.swift; path = InterfaceController.swift; sourceTree = "<group>"; };
		0B5C96191D6010CF00F66B8F /* ExtensionDelegate.swift */ = {isa = PBXFileReference; lastKnownFileType = sourcecode.swift; path = ExtensionDelegate.swift; sourceTree = "<group>"; };
		0B5C961B1D6010CF00F66B8F /* NotificationController.swift */ = {isa = PBXFileReference; lastKnownFileType = sourcecode.swift; path = NotificationController.swift; sourceTree = "<group>"; };
		0B5C961D1D6010CF00F66B8F /* ComplicationController.swift */ = {isa = PBXFileReference; lastKnownFileType = sourcecode.swift; path = ComplicationController.swift; sourceTree = "<group>"; };
		0B5C961F1D6010CF00F66B8F /* Assets.xcassets */ = {isa = PBXFileReference; lastKnownFileType = folder.assetcatalog; path = Assets.xcassets; sourceTree = "<group>"; };
		0B5C96211D6010CF00F66B8F /* Info.plist */ = {isa = PBXFileReference; lastKnownFileType = text.plist.xml; path = Info.plist; sourceTree = "<group>"; };
		0B5C96311D60DC1800F66B8F /* agency.txt */ = {isa = PBXFileReference; fileEncoding = 4; lastKnownFileType = text; path = agency.txt; sourceTree = "<group>"; };
		0B5C96321D60DC1800F66B8F /* calendar_dates.txt */ = {isa = PBXFileReference; fileEncoding = 4; lastKnownFileType = text; path = calendar_dates.txt; sourceTree = "<group>"; };
		0B5C96331D60DC1800F66B8F /* feed_info.txt */ = {isa = PBXFileReference; fileEncoding = 4; lastKnownFileType = text; path = feed_info.txt; sourceTree = "<group>"; };
		0B5C96341D60DC1800F66B8F /* routes.txt */ = {isa = PBXFileReference; fileEncoding = 4; lastKnownFileType = text; path = routes.txt; sourceTree = "<group>"; };
		0B5C96351D60DC1800F66B8F /* shapes.txt */ = {isa = PBXFileReference; fileEncoding = 4; lastKnownFileType = text; path = shapes.txt; sourceTree = "<group>"; };
		0B5C96361D60DC1800F66B8F /* stop_times.txt */ = {isa = PBXFileReference; fileEncoding = 4; lastKnownFileType = text; path = stop_times.txt; sourceTree = "<group>"; };
		0B5C96371D60DC1800F66B8F /* stops.txt */ = {isa = PBXFileReference; fileEncoding = 4; lastKnownFileType = text; path = stops.txt; sourceTree = "<group>"; };
		0B5C96381D60DC1800F66B8F /* trips.txt */ = {isa = PBXFileReference; fileEncoding = 4; lastKnownFileType = text; path = trips.txt; sourceTree = "<group>"; };
		0B7C6EDB1D7E37250022D794 /* DoubleExtension.swift */ = {isa = PBXFileReference; fileEncoding = 4; lastKnownFileType = sourcecode.swift; path = DoubleExtension.swift; sourceTree = "<group>"; };
		0B8084AE1D7DDD9300CAF56D /* TripSummary.swift */ = {isa = PBXFileReference; fileEncoding = 4; lastKnownFileType = sourcecode.swift; path = TripSummary.swift; sourceTree = "<group>"; };
		0B8084B01D7DE0E900CAF56D /* DirectTripSummaryDTO.swift */ = {isa = PBXFileReference; fileEncoding = 4; lastKnownFileType = sourcecode.swift; path = DirectTripSummaryDTO.swift; sourceTree = "<group>"; };
		0B8084B21D7DE48D00CAF56D /* CollectionExtensions.swift */ = {isa = PBXFileReference; fileEncoding = 4; lastKnownFileType = sourcecode.swift; path = CollectionExtensions.swift; sourceTree = "<group>"; };
		0B8084B51D7E0A8A00CAF56D /* UpcomingTripsViewController.swift */ = {isa = PBXFileReference; fileEncoding = 4; lastKnownFileType = sourcecode.swift; path = UpcomingTripsViewController.swift; sourceTree = "<group>"; };
		0B8084B71D7E118C00CAF56D /* UIViewExtension.swift */ = {isa = PBXFileReference; fileEncoding = 4; lastKnownFileType = sourcecode.swift; path = UIViewExtension.swift; sourceTree = "<group>"; };
		0B8084B91D7E14D900CAF56D /* TripSummaryCell.swift */ = {isa = PBXFileReference; fileEncoding = 4; lastKnownFileType = sourcecode.swift; path = TripSummaryCell.swift; sourceTree = "<group>"; };
		0B8084BB1D7E16B200CAF56D /* InitializingTableViewCell.swift */ = {isa = PBXFileReference; fileEncoding = 4; lastKnownFileType = sourcecode.swift; path = InitializingTableViewCell.swift; sourceTree = "<group>"; };
		0B87BC1F1D6A117A006E220B /* GTFSFile.swift */ = {isa = PBXFileReference; fileEncoding = 4; lastKnownFileType = sourcecode.swift; path = GTFSFile.swift; sourceTree = "<group>"; };
		0B87BC2A1D6A222F006E220B /* CalendarDateDTO.swift */ = {isa = PBXFileReference; fileEncoding = 4; lastKnownFileType = sourcecode.swift; path = CalendarDateDTO.swift; sourceTree = "<group>"; };
		0B87BC2C1D6A2237006E220B /* TripDTO.swift */ = {isa = PBXFileReference; fileEncoding = 4; lastKnownFileType = sourcecode.swift; path = TripDTO.swift; sourceTree = "<group>"; };
		0B87BC2E1D6A223E006E220B /* StopTimeDTO.swift */ = {isa = PBXFileReference; fileEncoding = 4; lastKnownFileType = sourcecode.swift; path = StopTimeDTO.swift; sourceTree = "<group>"; };
		0B87BC301D6A2245006E220B /* StopDTO.swift */ = {isa = PBXFileReference; fileEncoding = 4; lastKnownFileType = sourcecode.swift; path = StopDTO.swift; sourceTree = "<group>"; };
		0B87BC321D6A224B006E220B /* RouteDTO.swift */ = {isa = PBXFileReference; fileEncoding = 4; lastKnownFileType = sourcecode.swift; path = RouteDTO.swift; sourceTree = "<group>"; };
		0B87BC361D6A46D2006E220B /* GTFSFileEntry.swift */ = {isa = PBXFileReference; fileEncoding = 4; lastKnownFileType = sourcecode.swift; path = GTFSFileEntry.swift; sourceTree = "<group>"; };
		0BF1EBEC1D9615C1005697F5 /* TransferTripSummaryImpl.swift */ = {isa = PBXFileReference; fileEncoding = 4; lastKnownFileType = sourcecode.swift; path = TransferTripSummaryImpl.swift; sourceTree = "<group>"; };
		0BF1EBEE1D96180F005697F5 /* TransferStopTimeImpl.swift */ = {isa = PBXFileReference; fileEncoding = 4; lastKnownFileType = sourcecode.swift; path = TransferStopTimeImpl.swift; sourceTree = "<group>"; };
		105EF7B91D627F09003356DC /* Route.swift */ = {isa = PBXFileReference; fileEncoding = 4; lastKnownFileType = sourcecode.swift; path = Route.swift; sourceTree = "<group>"; };
		105EF7BD1D62806B003356DC /* Stop.swift */ = {isa = PBXFileReference; fileEncoding = 4; lastKnownFileType = sourcecode.swift; path = Stop.swift; sourceTree = "<group>"; };
		105EF7BF1D6280C9003356DC /* StopTime.swift */ = {isa = PBXFileReference; fileEncoding = 4; lastKnownFileType = sourcecode.swift; path = StopTime.swift; sourceTree = "<group>"; };
		105EF7C11D652F3E003356DC /* Trip.swift */ = {isa = PBXFileReference; fileEncoding = 4; lastKnownFileType = sourcecode.swift; path = Trip.swift; sourceTree = "<group>"; };
		105EF7C31D67BD0D003356DC /* CalendarDate.swift */ = {isa = PBXFileReference; fileEncoding = 4; lastKnownFileType = sourcecode.swift; path = CalendarDate.swift; sourceTree = "<group>"; };
		105EF7C81D67C2BB003356DC /* Logger.swift */ = {isa = PBXFileReference; fileEncoding = 4; lastKnownFileType = sourcecode.swift; path = Logger.swift; sourceTree = "<group>"; };
		10B74B0E1D8A0D5800303281 /* DictionaryExtension.swift */ = {isa = PBXFileReference; fileEncoding = 4; lastKnownFileType = sourcecode.swift; path = DictionaryExtension.swift; sourceTree = "<group>"; };
		10B74B101D8A2B3F00303281 /* TransferTripSummaryDTO.swift */ = {isa = PBXFileReference; fileEncoding = 4; lastKnownFileType = sourcecode.swift; path = TransferTripSummaryDTO.swift; sourceTree = "<group>"; };
		10B74B121D8A2C3A00303281 /* FromToPair.swift */ = {isa = PBXFileReference; fileEncoding = 4; lastKnownFileType = sourcecode.swift; path = FromToPair.swift; sourceTree = "<group>"; };
		10EC9C301D6BBCE900D29CE0 /* StringExtension.swift */ = {isa = PBXFileReference; fileEncoding = 4; lastKnownFileType = sourcecode.swift; path = StringExtension.swift; sourceTree = "<group>"; };
		10EC9C331D6D009E00D29CE0 /* RouteImpl.swift */ = {isa = PBXFileReference; fileEncoding = 4; lastKnownFileType = sourcecode.swift; path = RouteImpl.swift; sourceTree = "<group>"; };
		10EC9C351D6D071C00D29CE0 /* StopImpl.swift */ = {isa = PBXFileReference; fileEncoding = 4; lastKnownFileType = sourcecode.swift; path = StopImpl.swift; sourceTree = "<group>"; };
		10EC9C371D6D092A00D29CE0 /* GTFSFileRow.swift */ = {isa = PBXFileReference; fileEncoding = 4; lastKnownFileType = sourcecode.swift; path = GTFSFileRow.swift; sourceTree = "<group>"; };
		10EC9C391D6D11A900D29CE0 /* StopTimeImpl.swift */ = {isa = PBXFileReference; fileEncoding = 4; lastKnownFileType = sourcecode.swift; path = StopTimeImpl.swift; sourceTree = "<group>"; };
		10EC9C3B1D6D148C00D29CE0 /* TripImpl.swift */ = {isa = PBXFileReference; fileEncoding = 4; lastKnownFileType = sourcecode.swift; path = TripImpl.swift; sourceTree = "<group>"; };
		10EC9C3D1D76320900D29CE0 /* CalendarDateImpl.swift */ = {isa = PBXFileReference; fileEncoding = 4; lastKnownFileType = sourcecode.swift; path = CalendarDateImpl.swift; sourceTree = "<group>"; };
		10EC9C3F1D76358300D29CE0 /* ErrorExtension.swift */ = {isa = PBXFileReference; fileEncoding = 4; lastKnownFileType = sourcecode.swift; path = ErrorExtension.swift; sourceTree = "<group>"; };
		10EC9C411D7CFFF300D29CE0 /* RealmQueryService.swift */ = {isa = PBXFileReference; fileEncoding = 4; lastKnownFileType = sourcecode.swift; path = RealmQueryService.swift; sourceTree = "<group>"; };
		10FE08171D7F754300894D5C /* FavoritePairsViewController.swift */ = {isa = PBXFileReference; fileEncoding = 4; lastKnownFileType = sourcecode.swift; path = FavoritePairsViewController.swift; sourceTree = "<group>"; };
		10FE08191D7F768100894D5C /* StopPairing.swift */ = {isa = PBXFileReference; fileEncoding = 4; lastKnownFileType = sourcecode.swift; path = StopPairing.swift; sourceTree = "<group>"; };
		10FE081B1D7F770C00894D5C /* StopPairingImpl.swift */ = {isa = PBXFileReference; fileEncoding = 4; lastKnownFileType = sourcecode.swift; path = StopPairingImpl.swift; sourceTree = "<group>"; };
		10FE081E1D7F822C00894D5C /* UpdateService.swift */ = {isa = PBXFileReference; fileEncoding = 4; lastKnownFileType = sourcecode.swift; path = UpdateService.swift; sourceTree = "<group>"; };
		10FE08201D7F88DE00894D5C /* RealmUpdateService.swift */ = {isa = PBXFileReference; fileEncoding = 4; lastKnownFileType = sourcecode.swift; path = RealmUpdateService.swift; sourceTree = "<group>"; };
		10FE08221D7F8CD500894D5C /* AddPairingViewController.swift */ = {isa = PBXFileReference; fileEncoding = 4; lastKnownFileType = sourcecode.swift; path = AddPairingViewController.swift; sourceTree = "<group>"; };
		34CAFBA16A266A232EAEF4CC /* Pods_MyNextTrain_WatchKit_Extension.framework */ = {isa = PBXFileReference; explicitFileType = wrapper.framework; includeInIndex = 0; path = Pods_MyNextTrain_WatchKit_Extension.framework; sourceTree = BUILT_PRODUCTS_DIR; };
		493339C1A9DA0070A91A5A43 /* Pods-MyNextTrain WatchKit Extension.release.xcconfig */ = {isa = PBXFileReference; includeInIndex = 1; lastKnownFileType = text.xcconfig; name = "Pods-MyNextTrain WatchKit Extension.release.xcconfig"; path = "Pods/Target Support Files/Pods-MyNextTrain WatchKit Extension/Pods-MyNextTrain WatchKit Extension.release.xcconfig"; sourceTree = "<group>"; };
		4F25467F66B028A7125D878E /* Pods-MyNextTrain WatchKit Extension.debug.xcconfig */ = {isa = PBXFileReference; includeInIndex = 1; lastKnownFileType = text.xcconfig; name = "Pods-MyNextTrain WatchKit Extension.debug.xcconfig"; path = "Pods/Target Support Files/Pods-MyNextTrain WatchKit Extension/Pods-MyNextTrain WatchKit Extension.debug.xcconfig"; sourceTree = "<group>"; };
		547A9A703D041414749C41EA /* Pods-MyNextTrain.release.xcconfig */ = {isa = PBXFileReference; includeInIndex = 1; lastKnownFileType = text.xcconfig; name = "Pods-MyNextTrain.release.xcconfig"; path = "Pods/Target Support Files/Pods-MyNextTrain/Pods-MyNextTrain.release.xcconfig"; sourceTree = "<group>"; };
		56609E0F6D9F2B585E565D5B /* Pods-MyNextTrain WatchKit App.debug.xcconfig */ = {isa = PBXFileReference; includeInIndex = 1; lastKnownFileType = text.xcconfig; name = "Pods-MyNextTrain WatchKit App.debug.xcconfig"; path = "Pods/Target Support Files/Pods-MyNextTrain WatchKit App/Pods-MyNextTrain WatchKit App.debug.xcconfig"; sourceTree = "<group>"; };
		77A5B6968C5BF5E1D9D5B66B /* Pods-MyNextTrain WatchKit App.release.xcconfig */ = {isa = PBXFileReference; includeInIndex = 1; lastKnownFileType = text.xcconfig; name = "Pods-MyNextTrain WatchKit App.release.xcconfig"; path = "Pods/Target Support Files/Pods-MyNextTrain WatchKit App/Pods-MyNextTrain WatchKit App.release.xcconfig"; sourceTree = "<group>"; };
		7CFBFA7DEAAAB0C5CBD37B01 /* Pods-MyNextTrain.debug.xcconfig */ = {isa = PBXFileReference; includeInIndex = 1; lastKnownFileType = text.xcconfig; name = "Pods-MyNextTrain.debug.xcconfig"; path = "Pods/Target Support Files/Pods-MyNextTrain/Pods-MyNextTrain.debug.xcconfig"; sourceTree = "<group>"; };
		ACEEC8261895F5D59DDE2E45 /* Pods_MyNextTrain.framework */ = {isa = PBXFileReference; explicitFileType = wrapper.framework; includeInIndex = 0; path = Pods_MyNextTrain.framework; sourceTree = BUILT_PRODUCTS_DIR; };
		AF643DF0EA51BD717F65699B /* Pods_MyNextTrain_WatchKit_App.framework */ = {isa = PBXFileReference; explicitFileType = wrapper.framework; includeInIndex = 0; path = Pods_MyNextTrain_WatchKit_App.framework; sourceTree = BUILT_PRODUCTS_DIR; };
/* End PBXFileReference section */

/* Begin PBXFrameworksBuildPhase section */
		0B5C95EC1D6010CE00F66B8F /* Frameworks */ = {
			isa = PBXFrameworksBuildPhase;
			buildActionMask = 2147483647;
			files = (
				98E3A03078DC0A0AEF538D03 /* Pods_MyNextTrain.framework in Frameworks */,
			);
			runOnlyForDeploymentPostprocessing = 0;
		};
		0B5C960D1D6010CF00F66B8F /* Frameworks */ = {
			isa = PBXFrameworksBuildPhase;
			buildActionMask = 2147483647;
			files = (
				FCF0A0D713709B204CE6D104 /* Pods_MyNextTrain_WatchKit_Extension.framework in Frameworks */,
			);
			runOnlyForDeploymentPostprocessing = 0;
		};
		E44E2FEBA45DA1C752E9D607 /* Frameworks */ = {
			isa = PBXFrameworksBuildPhase;
			buildActionMask = 2147483647;
			files = (
				6762FD6E34A74920BD9CBA78 /* Pods_MyNextTrain_WatchKit_App.framework in Frameworks */,
			);
			runOnlyForDeploymentPostprocessing = 0;
		};
/* End PBXFrameworksBuildPhase section */

/* Begin PBXGroup section */
		0B04355C1D6A06D600D46715 /* Logging */ = {
			isa = PBXGroup;
			children = (
				105EF7C81D67C2BB003356DC /* Logger.swift */,
			);
			name = Logging;
			sourceTree = "<group>";
		};
		0B04355D1D6A06E600D46715 /* DataAccess */ = {
			isa = PBXGroup;
			children = (
				0B04355E1D6A06FC00D46715 /* QueryService.swift */,
				10EC9C411D7CFFF300D29CE0 /* RealmQueryService.swift */,
				10FE081E1D7F822C00894D5C /* UpdateService.swift */,
				10FE08201D7F88DE00894D5C /* RealmUpdateService.swift */,
			);
			name = DataAccess;
			sourceTree = "<group>";
		};
		0B0435601D6A07C000D46715 /* Loader */ = {
			isa = PBXGroup;
			children = (
				0B0435611D6A081100D46715 /* GTFSFileLoader.swift */,
			);
			name = Loader;
			sourceTree = "<group>";
		};
		0B1D36051D84CAEE003CF04A /* Builder */ = {
			isa = PBXGroup;
			children = (
				0B1D36031D84CAE6003CF04A /* AttributedStringBuilder.swift */,
			);
			name = Builder;
			sourceTree = "<group>";
		};
		0B5C95E61D6010CE00F66B8F = {
			isa = PBXGroup;
			children = (
				0B5C95F11D6010CE00F66B8F /* MyNextTrain */,
				0B5C96051D6010CF00F66B8F /* MyNextTrain WatchKit App */,
				0B5C96141D6010CF00F66B8F /* MyNextTrain WatchKit Extension */,
				0B5C95F01D6010CE00F66B8F /* Products */,
				0B99DD3C1D6A6A9300366A12 /* Frameworks */,
				D9BFE584C7B076435FA631AC /* Pods */,
			);
			sourceTree = "<group>";
		};
		0B5C95F01D6010CE00F66B8F /* Products */ = {
			isa = PBXGroup;
			children = (
				0B5C95EF1D6010CE00F66B8F /* MyNextTrain.app */,
				0B5C96011D6010CF00F66B8F /* MyNextTrain WatchKit App.app */,
				0B5C96101D6010CF00F66B8F /* MyNextTrain WatchKit Extension.appex */,
			);
			name = Products;
			sourceTree = "<group>";
		};
		0B5C95F11D6010CE00F66B8F /* MyNextTrain */ = {
			isa = PBXGroup;
			children = (
				105EF7C51D67C00F003356DC /* Controller */,
				105EF7B81D627EFD003356DC /* Model */,
				0B5C95F21D6010CF00F66B8F /* AppDelegate.swift */,
				0B8084B41D7E049800CAF56D /* View */,
				0B5C95F91D6010CF00F66B8F /* Assets.xcassets */,
				0B5C962F1D60D14A00F66B8F /* Supporting Files */,
				0B5C95FB1D6010CF00F66B8F /* LaunchScreen.storyboard */,
				0B5C95FE1D6010CF00F66B8F /* Info.plist */,
			);
			path = MyNextTrain;
			sourceTree = "<group>";
		};
		0B5C96051D6010CF00F66B8F /* MyNextTrain WatchKit App */ = {
			isa = PBXGroup;
			children = (
				0B5C96061D6010CF00F66B8F /* Interface.storyboard */,
				0B5C96091D6010CF00F66B8F /* Assets.xcassets */,
				0B5C960B1D6010CF00F66B8F /* Info.plist */,
			);
			path = "MyNextTrain WatchKit App";
			sourceTree = "<group>";
		};
		0B5C96141D6010CF00F66B8F /* MyNextTrain WatchKit Extension */ = {
			isa = PBXGroup;
			children = (
				0B5C96171D6010CF00F66B8F /* InterfaceController.swift */,
				0B5C96191D6010CF00F66B8F /* ExtensionDelegate.swift */,
				0B5C961B1D6010CF00F66B8F /* NotificationController.swift */,
				0B5C961D1D6010CF00F66B8F /* ComplicationController.swift */,
				0B5C961F1D6010CF00F66B8F /* Assets.xcassets */,
				0B5C96211D6010CF00F66B8F /* Info.plist */,
				0B5C96151D6010CF00F66B8F /* Supporting Files */,
			);
			path = "MyNextTrain WatchKit Extension";
			sourceTree = "<group>";
		};
		0B5C96151D6010CF00F66B8F /* Supporting Files */ = {
			isa = PBXGroup;
			children = (
				0B5C96161D6010CF00F66B8F /* PushNotificationPayload.apns */,
			);
			name = "Supporting Files";
			sourceTree = "<group>";
		};
		0B5C962F1D60D14A00F66B8F /* Supporting Files */ = {
			isa = PBXGroup;
			children = (
				0B5C96301D60DC1800F66B8F /* LIRR_transit */,
			);
			path = "Supporting Files";
			sourceTree = "<group>";
		};
		0B5C96301D60DC1800F66B8F /* LIRR_transit */ = {
			isa = PBXGroup;
			children = (
				0B5C96311D60DC1800F66B8F /* agency.txt */,
				0B5C96321D60DC1800F66B8F /* calendar_dates.txt */,
				0B5C96331D60DC1800F66B8F /* feed_info.txt */,
				0B5C96341D60DC1800F66B8F /* routes.txt */,
				0B5C96351D60DC1800F66B8F /* shapes.txt */,
				0B5C96361D60DC1800F66B8F /* stop_times.txt */,
				0B5C96371D60DC1800F66B8F /* stops.txt */,
				0B5C96381D60DC1800F66B8F /* trips.txt */,
			);
			path = LIRR_transit;
			sourceTree = "<group>";
		};
		0B8084B41D7E049800CAF56D /* View */ = {
			isa = PBXGroup;
			children = (
				10FE081D1D7F789400894D5C /* TableViewCells */,
				0B5C95F41D6010CF00F66B8F /* RootViewController.swift */,
				10FE08171D7F754300894D5C /* FavoritePairsViewController.swift */,
				0B8084B51D7E0A8A00CAF56D /* UpcomingTripsViewController.swift */,
				10FE08221D7F8CD500894D5C /* AddPairingViewController.swift */,
				0B1D35FD1D84AB07003CF04A /* PairingViewController.swift */,
			);
			name = View;
			sourceTree = "<group>";
		};
		0B87BC271D6A16AB006E220B /* GTFSFile */ = {
			isa = PBXGroup;
			children = (
				0B87BC1F1D6A117A006E220B /* GTFSFile.swift */,
				0B87BC361D6A46D2006E220B /* GTFSFileEntry.swift */,
				10EC9C371D6D092A00D29CE0 /* GTFSFileRow.swift */,
			);
			name = GTFSFile;
			sourceTree = "<group>";
		};
		0B87BC291D6A21F4006E220B /* DTO */ = {
			isa = PBXGroup;
			children = (
				0B8084B01D7DE0E900CAF56D /* DirectTripSummaryDTO.swift */,
				10B74B101D8A2B3F00303281 /* TransferTripSummaryDTO.swift */,
				0B87BC321D6A224B006E220B /* RouteDTO.swift */,
				0B87BC301D6A2245006E220B /* StopDTO.swift */,
				0B87BC2E1D6A223E006E220B /* StopTimeDTO.swift */,
				0B87BC2C1D6A2237006E220B /* TripDTO.swift */,
				0B87BC2A1D6A222F006E220B /* CalendarDateDTO.swift */,
				0B1D35FF1D84B3FF003CF04A /* StopPairingDTO.swift */,
			);
			name = DTO;
			sourceTree = "<group>";
		};
		0B99DD3C1D6A6A9300366A12 /* Frameworks */ = {
			isa = PBXGroup;
			children = (
				ACEEC8261895F5D59DDE2E45 /* Pods_MyNextTrain.framework */,
				AF643DF0EA51BD717F65699B /* Pods_MyNextTrain_WatchKit_App.framework */,
				34CAFBA16A266A232EAEF4CC /* Pods_MyNextTrain_WatchKit_Extension.framework */,
			);
			name = Frameworks;
			sourceTree = "<group>";
		};
		105EF7B81D627EFD003356DC /* Model */ = {
			isa = PBXGroup;
			children = (
				105EF7B91D627F09003356DC /* Route.swift */,
				105EF7BD1D62806B003356DC /* Stop.swift */,
				10FE08191D7F768100894D5C /* StopPairing.swift */,
				105EF7BF1D6280C9003356DC /* StopTime.swift */,
				105EF7C11D652F3E003356DC /* Trip.swift */,
				0B8084AE1D7DDD9300CAF56D /* TripSummary.swift */,
				105EF7C31D67BD0D003356DC /* CalendarDate.swift */,
				10EC9C321D6D006200D29CE0 /* Realm */,
				10EC9C2F1D6BBCDB00D29CE0 /* Extensions */,
				0B87BC291D6A21F4006E220B /* DTO */,
				0B87BC271D6A16AB006E220B /* GTFSFile */,
				0B1D36051D84CAEE003CF04A /* Builder */,
				10B74B121D8A2C3A00303281 /* FromToPair.swift */,
			);
			name = Model;
			sourceTree = "<group>";
		};
		105EF7C51D67C00F003356DC /* Controller */ = {
			isa = PBXGroup;
			children = (
				0B04355D1D6A06E600D46715 /* DataAccess */,
				0B04355C1D6A06D600D46715 /* Logging */,
				0B0435601D6A07C000D46715 /* Loader */,
				0B1D36011D84B6DD003CF04A /* AppThemeController.swift */,
			);
			name = Controller;
			sourceTree = "<group>";
		};
		10EC9C2F1D6BBCDB00D29CE0 /* Extensions */ = {
			isa = PBXGroup;
			children = (
				10EC9C301D6BBCE900D29CE0 /* StringExtension.swift */,
				10EC9C3F1D76358300D29CE0 /* ErrorExtension.swift */,
				0B8084B21D7DE48D00CAF56D /* CollectionExtensions.swift */,
				0B8084B71D7E118C00CAF56D /* UIViewExtension.swift */,
				0B7C6EDB1D7E37250022D794 /* DoubleExtension.swift */,
				10B74B0E1D8A0D5800303281 /* DictionaryExtension.swift */,
			);
			name = Extensions;
			sourceTree = "<group>";
		};
		10EC9C321D6D006200D29CE0 /* Realm */ = {
			isa = PBXGroup;
			children = (
				10EC9C331D6D009E00D29CE0 /* RouteImpl.swift */,
				10EC9C351D6D071C00D29CE0 /* StopImpl.swift */,
				10EC9C391D6D11A900D29CE0 /* StopTimeImpl.swift */,
				10EC9C3B1D6D148C00D29CE0 /* TripImpl.swift */,
				10EC9C3D1D76320900D29CE0 /* CalendarDateImpl.swift */,
				10FE081B1D7F770C00894D5C /* StopPairingImpl.swift */,
				0BF1EBEC1D9615C1005697F5 /* TransferTripSummaryImpl.swift */,
				0BF1EBEE1D96180F005697F5 /* TransferStopTimeImpl.swift */,
			);
			name = Realm;
			sourceTree = "<group>";
		};
		10FE081D1D7F789400894D5C /* TableViewCells */ = {
			isa = PBXGroup;
			children = (
				0B8084B91D7E14D900CAF56D /* TripSummaryCell.swift */,
				0B8084BB1D7E16B200CAF56D /* InitializingTableViewCell.swift */,
			);
			name = TableViewCells;
			sourceTree = "<group>";
		};
		D9BFE584C7B076435FA631AC /* Pods */ = {
			isa = PBXGroup;
			children = (
				7CFBFA7DEAAAB0C5CBD37B01 /* Pods-MyNextTrain.debug.xcconfig */,
				547A9A703D041414749C41EA /* Pods-MyNextTrain.release.xcconfig */,
				56609E0F6D9F2B585E565D5B /* Pods-MyNextTrain WatchKit App.debug.xcconfig */,
				77A5B6968C5BF5E1D9D5B66B /* Pods-MyNextTrain WatchKit App.release.xcconfig */,
				4F25467F66B028A7125D878E /* Pods-MyNextTrain WatchKit Extension.debug.xcconfig */,
				493339C1A9DA0070A91A5A43 /* Pods-MyNextTrain WatchKit Extension.release.xcconfig */,
			);
			name = Pods;
			sourceTree = "<group>";
		};
/* End PBXGroup section */

/* Begin PBXNativeTarget section */
		0B5C95EE1D6010CE00F66B8F /* MyNextTrain */ = {
			isa = PBXNativeTarget;
			buildConfigurationList = 0B5C962C1D6010CF00F66B8F /* Build configuration list for PBXNativeTarget "MyNextTrain" */;
			buildPhases = (
				3EF5FE4A287ED90DD6266D88 /* [CP] Check Pods Manifest.lock */,
				0B5C95EB1D6010CE00F66B8F /* Sources */,
				0B5C95EC1D6010CE00F66B8F /* Frameworks */,
				0B5C95ED1D6010CE00F66B8F /* Resources */,
				0B5C962B1D6010CF00F66B8F /* Embed Watch Content */,
				B5A9EFC0DD2CE0D45335E07E /* [CP] Embed Pods Frameworks */,
				F246E2968CF55805C488979E /* [CP] Copy Pods Resources */,
			);
			buildRules = (
			);
			dependencies = (
				0B5C96041D6010CF00F66B8F /* PBXTargetDependency */,
			);
			name = MyNextTrain;
			productName = MyNextTrain;
			productReference = 0B5C95EF1D6010CE00F66B8F /* MyNextTrain.app */;
			productType = "com.apple.product-type.application";
		};
		0B5C96001D6010CF00F66B8F /* MyNextTrain WatchKit App */ = {
			isa = PBXNativeTarget;
			buildConfigurationList = 0B5C96281D6010CF00F66B8F /* Build configuration list for PBXNativeTarget "MyNextTrain WatchKit App" */;
			buildPhases = (
				E34FE4616A375773DC9583B6 /* [CP] Check Pods Manifest.lock */,
				0B5C95FF1D6010CF00F66B8F /* Resources */,
				0B5C96271D6010CF00F66B8F /* Embed App Extensions */,
				E44E2FEBA45DA1C752E9D607 /* Frameworks */,
				57F34970ED4E0186883B87EF /* [CP] Copy Pods Resources */,
			);
			buildRules = (
			);
			dependencies = (
				0B5C96131D6010CF00F66B8F /* PBXTargetDependency */,
			);
			name = "MyNextTrain WatchKit App";
			productName = "MyNextTrain WatchKit App";
			productReference = 0B5C96011D6010CF00F66B8F /* MyNextTrain WatchKit App.app */;
			productType = "com.apple.product-type.application.watchapp2";
		};
		0B5C960F1D6010CF00F66B8F /* MyNextTrain WatchKit Extension */ = {
			isa = PBXNativeTarget;
			buildConfigurationList = 0B5C96241D6010CF00F66B8F /* Build configuration list for PBXNativeTarget "MyNextTrain WatchKit Extension" */;
			buildPhases = (
				D966137B0DA9D3E8BE6DCB58 /* [CP] Check Pods Manifest.lock */,
				0B5C960C1D6010CF00F66B8F /* Sources */,
				0B5C960D1D6010CF00F66B8F /* Frameworks */,
				0B5C960E1D6010CF00F66B8F /* Resources */,
				07B011D5B57E374595ED90A4 /* [CP] Embed Pods Frameworks */,
				3574B2029CF3DC075E0C8EC4 /* [CP] Copy Pods Resources */,
			);
			buildRules = (
			);
			dependencies = (
			);
			name = "MyNextTrain WatchKit Extension";
			productName = "MyNextTrain WatchKit Extension";
			productReference = 0B5C96101D6010CF00F66B8F /* MyNextTrain WatchKit Extension.appex */;
			productType = "com.apple.product-type.watchkit2-extension";
		};
/* End PBXNativeTarget section */

/* Begin PBXProject section */
		0B5C95E71D6010CE00F66B8F /* Project object */ = {
			isa = PBXProject;
			attributes = {
				LastSwiftUpdateCheck = 0800;
				LastUpgradeCheck = 0800;
				ORGANIZATIONNAME = "FAHAD RIAZ";
				TargetAttributes = {
					0B5C95EE1D6010CE00F66B8F = {
						CreatedOnToolsVersion = 8.0;
						DevelopmentTeam = RBL3RYPXUS;
						LastSwiftMigration = 0800;
						ProvisioningStyle = Automatic;
					};
					0B5C96001D6010CF00F66B8F = {
						CreatedOnToolsVersion = 8.0;
						DevelopmentTeam = RBL3RYPXUS;
						ProvisioningStyle = Automatic;
					};
					0B5C960F1D6010CF00F66B8F = {
						CreatedOnToolsVersion = 8.0;
						DevelopmentTeam = RBL3RYPXUS;
						ProvisioningStyle = Automatic;
					};
				};
			};
			buildConfigurationList = 0B5C95EA1D6010CE00F66B8F /* Build configuration list for PBXProject "MyNextTrain" */;
			compatibilityVersion = "Xcode 3.2";
			developmentRegion = English;
			hasScannedForEncodings = 0;
			knownRegions = (
				en,
				Base,
			);
			mainGroup = 0B5C95E61D6010CE00F66B8F;
			productRefGroup = 0B5C95F01D6010CE00F66B8F /* Products */;
			projectDirPath = "";
			projectRoot = "";
			targets = (
				0B5C95EE1D6010CE00F66B8F /* MyNextTrain */,
				0B5C96001D6010CF00F66B8F /* MyNextTrain WatchKit App */,
				0B5C960F1D6010CF00F66B8F /* MyNextTrain WatchKit Extension */,
			);
		};
/* End PBXProject section */

/* Begin PBXResourcesBuildPhase section */
		0B5C95ED1D6010CE00F66B8F /* Resources */ = {
			isa = PBXResourcesBuildPhase;
			buildActionMask = 2147483647;
			files = (
				0B5C95FD1D6010CF00F66B8F /* LaunchScreen.storyboard in Resources */,
				0B5C963A1D60DC1800F66B8F /* calendar_dates.txt in Resources */,
				0B5C963C1D60DC1800F66B8F /* routes.txt in Resources */,
				0B5C95FA1D6010CF00F66B8F /* Assets.xcassets in Resources */,
				0B5C96401D60DC1800F66B8F /* trips.txt in Resources */,
				0B5C963D1D60DC1800F66B8F /* shapes.txt in Resources */,
				0B5C963F1D60DC1800F66B8F /* stops.txt in Resources */,
				0B5C963B1D60DC1800F66B8F /* feed_info.txt in Resources */,
				0B5C96391D60DC1800F66B8F /* agency.txt in Resources */,
				0B5C963E1D60DC1800F66B8F /* stop_times.txt in Resources */,
			);
			runOnlyForDeploymentPostprocessing = 0;
		};
		0B5C95FF1D6010CF00F66B8F /* Resources */ = {
			isa = PBXResourcesBuildPhase;
			buildActionMask = 2147483647;
			files = (
				0B5C960A1D6010CF00F66B8F /* Assets.xcassets in Resources */,
				0B5C96081D6010CF00F66B8F /* Interface.storyboard in Resources */,
			);
			runOnlyForDeploymentPostprocessing = 0;
		};
		0B5C960E1D6010CF00F66B8F /* Resources */ = {
			isa = PBXResourcesBuildPhase;
			buildActionMask = 2147483647;
			files = (
				0B5C96201D6010CF00F66B8F /* Assets.xcassets in Resources */,
			);
			runOnlyForDeploymentPostprocessing = 0;
		};
/* End PBXResourcesBuildPhase section */

/* Begin PBXShellScriptBuildPhase section */
		07B011D5B57E374595ED90A4 /* [CP] Embed Pods Frameworks */ = {
			isa = PBXShellScriptBuildPhase;
			buildActionMask = 2147483647;
			files = (
			);
			inputPaths = (
			);
			name = "[CP] Embed Pods Frameworks";
			outputPaths = (
			);
			runOnlyForDeploymentPostprocessing = 0;
			shellPath = /bin/sh;
			shellScript = "\"${SRCROOT}/Pods/Target Support Files/Pods-MyNextTrain WatchKit Extension/Pods-MyNextTrain WatchKit Extension-frameworks.sh\"\n";
			showEnvVarsInLog = 0;
		};
		3574B2029CF3DC075E0C8EC4 /* [CP] Copy Pods Resources */ = {
			isa = PBXShellScriptBuildPhase;
			buildActionMask = 2147483647;
			files = (
			);
			inputPaths = (
			);
			name = "[CP] Copy Pods Resources";
			outputPaths = (
			);
			runOnlyForDeploymentPostprocessing = 0;
			shellPath = /bin/sh;
			shellScript = "\"${SRCROOT}/Pods/Target Support Files/Pods-MyNextTrain WatchKit Extension/Pods-MyNextTrain WatchKit Extension-resources.sh\"\n";
			showEnvVarsInLog = 0;
		};
		3EF5FE4A287ED90DD6266D88 /* [CP] Check Pods Manifest.lock */ = {
			isa = PBXShellScriptBuildPhase;
			buildActionMask = 2147483647;
			files = (
			);
			inputPaths = (
			);
			name = "[CP] Check Pods Manifest.lock";
			outputPaths = (
			);
			runOnlyForDeploymentPostprocessing = 0;
			shellPath = /bin/sh;
			shellScript = "diff \"${PODS_ROOT}/../Podfile.lock\" \"${PODS_ROOT}/Manifest.lock\" > /dev/null\nif [ $? != 0 ] ; then\n    # print error to STDERR\n    echo \"error: The sandbox is not in sync with the Podfile.lock. Run 'pod install' or update your CocoaPods installation.\" >&2\n    exit 1\nfi\n";
			showEnvVarsInLog = 0;
		};
		57F34970ED4E0186883B87EF /* [CP] Copy Pods Resources */ = {
			isa = PBXShellScriptBuildPhase;
			buildActionMask = 2147483647;
			files = (
			);
			inputPaths = (
			);
			name = "[CP] Copy Pods Resources";
			outputPaths = (
			);
			runOnlyForDeploymentPostprocessing = 0;
			shellPath = /bin/sh;
			shellScript = "\"${SRCROOT}/Pods/Target Support Files/Pods-MyNextTrain WatchKit App/Pods-MyNextTrain WatchKit App-resources.sh\"\n";
			showEnvVarsInLog = 0;
		};
		B5A9EFC0DD2CE0D45335E07E /* [CP] Embed Pods Frameworks */ = {
			isa = PBXShellScriptBuildPhase;
			buildActionMask = 2147483647;
			files = (
			);
			inputPaths = (
			);
			name = "[CP] Embed Pods Frameworks";
			outputPaths = (
			);
			runOnlyForDeploymentPostprocessing = 0;
			shellPath = /bin/sh;
			shellScript = "\"${SRCROOT}/Pods/Target Support Files/Pods-MyNextTrain/Pods-MyNextTrain-frameworks.sh\"\n";
			showEnvVarsInLog = 0;
		};
		D966137B0DA9D3E8BE6DCB58 /* [CP] Check Pods Manifest.lock */ = {
			isa = PBXShellScriptBuildPhase;
			buildActionMask = 2147483647;
			files = (
			);
			inputPaths = (
			);
			name = "[CP] Check Pods Manifest.lock";
			outputPaths = (
			);
			runOnlyForDeploymentPostprocessing = 0;
			shellPath = /bin/sh;
			shellScript = "diff \"${PODS_ROOT}/../Podfile.lock\" \"${PODS_ROOT}/Manifest.lock\" > /dev/null\nif [ $? != 0 ] ; then\n    # print error to STDERR\n    echo \"error: The sandbox is not in sync with the Podfile.lock. Run 'pod install' or update your CocoaPods installation.\" >&2\n    exit 1\nfi\n";
			showEnvVarsInLog = 0;
		};
		E34FE4616A375773DC9583B6 /* [CP] Check Pods Manifest.lock */ = {
			isa = PBXShellScriptBuildPhase;
			buildActionMask = 2147483647;
			files = (
			);
			inputPaths = (
			);
			name = "[CP] Check Pods Manifest.lock";
			outputPaths = (
			);
			runOnlyForDeploymentPostprocessing = 0;
			shellPath = /bin/sh;
			shellScript = "diff \"${PODS_ROOT}/../Podfile.lock\" \"${PODS_ROOT}/Manifest.lock\" > /dev/null\nif [ $? != 0 ] ; then\n    # print error to STDERR\n    echo \"error: The sandbox is not in sync with the Podfile.lock. Run 'pod install' or update your CocoaPods installation.\" >&2\n    exit 1\nfi\n";
			showEnvVarsInLog = 0;
		};
		F246E2968CF55805C488979E /* [CP] Copy Pods Resources */ = {
			isa = PBXShellScriptBuildPhase;
			buildActionMask = 2147483647;
			files = (
			);
			inputPaths = (
			);
			name = "[CP] Copy Pods Resources";
			outputPaths = (
			);
			runOnlyForDeploymentPostprocessing = 0;
			shellPath = /bin/sh;
			shellScript = "\"${SRCROOT}/Pods/Target Support Files/Pods-MyNextTrain/Pods-MyNextTrain-resources.sh\"\n";
			showEnvVarsInLog = 0;
		};
/* End PBXShellScriptBuildPhase section */

/* Begin PBXSourcesBuildPhase section */
		0B5C95EB1D6010CE00F66B8F /* Sources */ = {
			isa = PBXSourcesBuildPhase;
			buildActionMask = 2147483647;
			files = (
				0B8084AF1D7DDD9300CAF56D /* TripSummary.swift in Sources */,
				0B8084BC1D7E16B200CAF56D /* InitializingTableViewCell.swift in Sources */,
				105EF7C41D67BD0D003356DC /* CalendarDate.swift in Sources */,
				105EF7C01D6280C9003356DC /* StopTime.swift in Sources */,
				0BF1EBEF1D96180F005697F5 /* TransferStopTimeImpl.swift in Sources */,
				10FE081F1D7F822C00894D5C /* UpdateService.swift in Sources */,
				10FE081A1D7F768100894D5C /* StopPairing.swift in Sources */,
				10B74B111D8A2B3F00303281 /* TransferTripSummaryDTO.swift in Sources */,
				0B1D36001D84B3FF003CF04A /* StopPairingDTO.swift in Sources */,
				10EC9C401D76358300D29CE0 /* ErrorExtension.swift in Sources */,
				105EF7BA1D627F09003356DC /* Route.swift in Sources */,
				10EC9C341D6D009E00D29CE0 /* RouteImpl.swift in Sources */,
				0B0435621D6A081100D46715 /* GTFSFileLoader.swift in Sources */,
				105EF7C91D67C2BB003356DC /* Logger.swift in Sources */,
				10FE08181D7F754300894D5C /* FavoritePairsViewController.swift in Sources */,
				0B04355F1D6A06FC00D46715 /* QueryService.swift in Sources */,
				10FE081C1D7F770C00894D5C /* StopPairingImpl.swift in Sources */,
				0B8084B61D7E0A8A00CAF56D /* UpcomingTripsViewController.swift in Sources */,
				0B87BC371D6A46D2006E220B /* GTFSFileEntry.swift in Sources */,
				0B87BC2F1D6A223E006E220B /* StopTimeDTO.swift in Sources */,
				0B8084B81D7E118C00CAF56D /* UIViewExtension.swift in Sources */,
				0B1D36021D84B6DD003CF04A /* AppThemeController.swift in Sources */,
				0B8084B11D7DE0E900CAF56D /* DirectTripSummaryDTO.swift in Sources */,
				0B87BC2D1D6A2237006E220B /* TripDTO.swift in Sources */,
				10FE08211D7F88DE00894D5C /* RealmUpdateService.swift in Sources */,
				10EC9C361D6D071C00D29CE0 /* StopImpl.swift in Sources */,
				0B1D35FE1D84AB07003CF04A /* PairingViewController.swift in Sources */,
				105EF7BE1D62806B003356DC /* Stop.swift in Sources */,
				0B1D36041D84CAE6003CF04A /* AttributedStringBuilder.swift in Sources */,
				0B7C6EDC1D7E37250022D794 /* DoubleExtension.swift in Sources */,
				0B87BC331D6A224B006E220B /* RouteDTO.swift in Sources */,
				0B5C95F51D6010CF00F66B8F /* RootViewController.swift in Sources */,
				10EC9C381D6D092A00D29CE0 /* GTFSFileRow.swift in Sources */,
				10FE08231D7F8CD500894D5C /* AddPairingViewController.swift in Sources */,
				0B87BC201D6A117A006E220B /* GTFSFile.swift in Sources */,
				10EC9C3E1D76320900D29CE0 /* CalendarDateImpl.swift in Sources */,
				0B87BC2B1D6A222F006E220B /* CalendarDateDTO.swift in Sources */,
				0B87BC311D6A2245006E220B /* StopDTO.swift in Sources */,
				10EC9C3C1D6D148C00D29CE0 /* TripImpl.swift in Sources */,
				10B74B0F1D8A0D5800303281 /* DictionaryExtension.swift in Sources */,
				10EC9C3A1D6D11A900D29CE0 /* StopTimeImpl.swift in Sources */,
				105EF7C21D652F3E003356DC /* Trip.swift in Sources */,
				10EC9C311D6BBCE900D29CE0 /* StringExtension.swift in Sources */,
				10EC9C421D7CFFF300D29CE0 /* RealmQueryService.swift in Sources */,
				10B74B131D8A2C3A00303281 /* FromToPair.swift in Sources */,
				0BF1EBED1D9615C1005697F5 /* TransferTripSummaryImpl.swift in Sources */,
				0B8084BA1D7E14DA00CAF56D /* TripSummaryCell.swift in Sources */,
				0B8084B31D7DE48D00CAF56D /* CollectionExtensions.swift in Sources */,
				0B5C95F31D6010CF00F66B8F /* AppDelegate.swift in Sources */,
			);
			runOnlyForDeploymentPostprocessing = 0;
		};
		0B5C960C1D6010CF00F66B8F /* Sources */ = {
			isa = PBXSourcesBuildPhase;
			buildActionMask = 2147483647;
			files = (
				0B5C961C1D6010CF00F66B8F /* NotificationController.swift in Sources */,
				0B5C961E1D6010CF00F66B8F /* ComplicationController.swift in Sources */,
				0B5C961A1D6010CF00F66B8F /* ExtensionDelegate.swift in Sources */,
				0B5C96181D6010CF00F66B8F /* InterfaceController.swift in Sources */,
			);
			runOnlyForDeploymentPostprocessing = 0;
		};
/* End PBXSourcesBuildPhase section */

/* Begin PBXTargetDependency section */
		0B5C96041D6010CF00F66B8F /* PBXTargetDependency */ = {
			isa = PBXTargetDependency;
			target = 0B5C96001D6010CF00F66B8F /* MyNextTrain WatchKit App */;
			targetProxy = 0B5C96031D6010CF00F66B8F /* PBXContainerItemProxy */;
		};
		0B5C96131D6010CF00F66B8F /* PBXTargetDependency */ = {
			isa = PBXTargetDependency;
			target = 0B5C960F1D6010CF00F66B8F /* MyNextTrain WatchKit Extension */;
			targetProxy = 0B5C96121D6010CF00F66B8F /* PBXContainerItemProxy */;
		};
/* End PBXTargetDependency section */

/* Begin PBXVariantGroup section */
		0B5C95FB1D6010CF00F66B8F /* LaunchScreen.storyboard */ = {
			isa = PBXVariantGroup;
			children = (
				0B5C95FC1D6010CF00F66B8F /* Base */,
			);
			name = LaunchScreen.storyboard;
			sourceTree = "<group>";
		};
		0B5C96061D6010CF00F66B8F /* Interface.storyboard */ = {
			isa = PBXVariantGroup;
			children = (
				0B5C96071D6010CF00F66B8F /* Base */,
			);
			name = Interface.storyboard;
			sourceTree = "<group>";
		};
/* End PBXVariantGroup section */

/* Begin XCBuildConfiguration section */
		0B5C96221D6010CF00F66B8F /* Debug */ = {
			isa = XCBuildConfiguration;
			buildSettings = {
				ALWAYS_SEARCH_USER_PATHS = NO;
				CLANG_ANALYZER_NONNULL = YES;
				CLANG_CXX_LANGUAGE_STANDARD = "gnu++0x";
				CLANG_CXX_LIBRARY = "libc++";
				CLANG_ENABLE_MODULES = YES;
				CLANG_ENABLE_OBJC_ARC = YES;
				CLANG_WARN_BOOL_CONVERSION = YES;
				CLANG_WARN_CONSTANT_CONVERSION = YES;
				CLANG_WARN_DIRECT_OBJC_ISA_USAGE = YES_ERROR;
				CLANG_WARN_DOCUMENTATION_COMMENTS = YES;
				CLANG_WARN_EMPTY_BODY = YES;
				CLANG_WARN_ENUM_CONVERSION = YES;
				CLANG_WARN_INFINITE_RECURSION = YES;
				CLANG_WARN_INT_CONVERSION = YES;
				CLANG_WARN_OBJC_ROOT_CLASS = YES_ERROR;
				CLANG_WARN_SUSPICIOUS_MOVE = YES;
				CLANG_WARN_SUSPICIOUS_MOVES = YES;
				CLANG_WARN_UNREACHABLE_CODE = YES;
				CLANG_WARN__DUPLICATE_METHOD_MATCH = YES;
				"CODE_SIGN_IDENTITY[sdk=iphoneos*]" = "iPhone Developer";
				COPY_PHASE_STRIP = NO;
				DEBUG_INFORMATION_FORMAT = dwarf;
				ENABLE_STRICT_OBJC_MSGSEND = YES;
				ENABLE_TESTABILITY = YES;
				GCC_C_LANGUAGE_STANDARD = gnu99;
				GCC_DYNAMIC_NO_PIC = NO;
				GCC_NO_COMMON_BLOCKS = YES;
				GCC_OPTIMIZATION_LEVEL = 0;
				GCC_PREPROCESSOR_DEFINITIONS = (
					"DEBUG=1",
					"$(inherited)",
				);
				GCC_WARN_64_TO_32_BIT_CONVERSION = YES;
				GCC_WARN_ABOUT_RETURN_TYPE = YES_ERROR;
				GCC_WARN_UNDECLARED_SELECTOR = YES;
				GCC_WARN_UNINITIALIZED_AUTOS = YES_AGGRESSIVE;
				GCC_WARN_UNUSED_FUNCTION = YES;
				GCC_WARN_UNUSED_VARIABLE = YES;
				IPHONEOS_DEPLOYMENT_TARGET = 10.0;
				MTL_ENABLE_DEBUG_INFO = YES;
				ONLY_ACTIVE_ARCH = YES;
				SDKROOT = iphoneos;
				SWIFT_ACTIVE_COMPILATION_CONDITIONS = DEBUG;
				SWIFT_OPTIMIZATION_LEVEL = "-Onone";
			};
			name = Debug;
		};
		0B5C96231D6010CF00F66B8F /* Release */ = {
			isa = XCBuildConfiguration;
			buildSettings = {
				ALWAYS_SEARCH_USER_PATHS = NO;
				CLANG_ANALYZER_NONNULL = YES;
				CLANG_CXX_LANGUAGE_STANDARD = "gnu++0x";
				CLANG_CXX_LIBRARY = "libc++";
				CLANG_ENABLE_MODULES = YES;
				CLANG_ENABLE_OBJC_ARC = YES;
				CLANG_WARN_BOOL_CONVERSION = YES;
				CLANG_WARN_CONSTANT_CONVERSION = YES;
				CLANG_WARN_DIRECT_OBJC_ISA_USAGE = YES_ERROR;
				CLANG_WARN_DOCUMENTATION_COMMENTS = YES;
				CLANG_WARN_EMPTY_BODY = YES;
				CLANG_WARN_ENUM_CONVERSION = YES;
				CLANG_WARN_INFINITE_RECURSION = YES;
				CLANG_WARN_INT_CONVERSION = YES;
				CLANG_WARN_OBJC_ROOT_CLASS = YES_ERROR;
				CLANG_WARN_SUSPICIOUS_MOVE = YES;
				CLANG_WARN_SUSPICIOUS_MOVES = YES;
				CLANG_WARN_UNREACHABLE_CODE = YES;
				CLANG_WARN__DUPLICATE_METHOD_MATCH = YES;
				"CODE_SIGN_IDENTITY[sdk=iphoneos*]" = "iPhone Developer";
				COPY_PHASE_STRIP = NO;
				DEBUG_INFORMATION_FORMAT = "dwarf-with-dsym";
				ENABLE_NS_ASSERTIONS = NO;
				ENABLE_STRICT_OBJC_MSGSEND = YES;
				GCC_C_LANGUAGE_STANDARD = gnu99;
				GCC_NO_COMMON_BLOCKS = YES;
				GCC_WARN_64_TO_32_BIT_CONVERSION = YES;
				GCC_WARN_ABOUT_RETURN_TYPE = YES_ERROR;
				GCC_WARN_UNDECLARED_SELECTOR = YES;
				GCC_WARN_UNINITIALIZED_AUTOS = YES_AGGRESSIVE;
				GCC_WARN_UNUSED_FUNCTION = YES;
				GCC_WARN_UNUSED_VARIABLE = YES;
				IPHONEOS_DEPLOYMENT_TARGET = 10.0;
				MTL_ENABLE_DEBUG_INFO = NO;
				SDKROOT = iphoneos;
				SWIFT_OPTIMIZATION_LEVEL = "-Owholemodule";
				VALIDATE_PRODUCT = YES;
			};
			name = Release;
		};
		0B5C96251D6010CF00F66B8F /* Debug */ = {
			isa = XCBuildConfiguration;
			baseConfigurationReference = 4F25467F66B028A7125D878E /* Pods-MyNextTrain WatchKit Extension.debug.xcconfig */;
			buildSettings = {
				ASSETCATALOG_COMPILER_COMPLICATION_NAME = Complication;
				DEVELOPMENT_TEAM = RBL3RYPXUS;
				INFOPLIST_FILE = "MyNextTrain WatchKit Extension/Info.plist";
				LD_RUNPATH_SEARCH_PATHS = "$(inherited) @executable_path/Frameworks @executable_path/../../Frameworks";
				PRODUCT_BUNDLE_IDENTIFIER = com.riaz.fahad.MyNextTrain.watchkitapp.watchkitextension;
				PRODUCT_NAME = "${TARGET_NAME}";
				SDKROOT = watchos;
				SKIP_INSTALL = YES;
				SWIFT_VERSION = 3.0;
				TARGETED_DEVICE_FAMILY = 4;
				WATCHOS_DEPLOYMENT_TARGET = 3.0;
			};
			name = Debug;
		};
		0B5C96261D6010CF00F66B8F /* Release */ = {
			isa = XCBuildConfiguration;
			baseConfigurationReference = 493339C1A9DA0070A91A5A43 /* Pods-MyNextTrain WatchKit Extension.release.xcconfig */;
			buildSettings = {
				ASSETCATALOG_COMPILER_COMPLICATION_NAME = Complication;
				DEVELOPMENT_TEAM = RBL3RYPXUS;
				INFOPLIST_FILE = "MyNextTrain WatchKit Extension/Info.plist";
				LD_RUNPATH_SEARCH_PATHS = "$(inherited) @executable_path/Frameworks @executable_path/../../Frameworks";
				PRODUCT_BUNDLE_IDENTIFIER = com.riaz.fahad.MyNextTrain.watchkitapp.watchkitextension;
				PRODUCT_NAME = "${TARGET_NAME}";
				SDKROOT = watchos;
				SKIP_INSTALL = YES;
				SWIFT_VERSION = 3.0;
				TARGETED_DEVICE_FAMILY = 4;
				WATCHOS_DEPLOYMENT_TARGET = 3.0;
			};
			name = Release;
		};
		0B5C96291D6010CF00F66B8F /* Debug */ = {
			isa = XCBuildConfiguration;
			baseConfigurationReference = 56609E0F6D9F2B585E565D5B /* Pods-MyNextTrain WatchKit App.debug.xcconfig */;
			buildSettings = {
				ALWAYS_EMBED_SWIFT_STANDARD_LIBRARIES = YES;
				ASSETCATALOG_COMPILER_APPICON_NAME = AppIcon;
				DEVELOPMENT_TEAM = RBL3RYPXUS;
				IBSC_MODULE = MyNextTrain_WatchKit_Extension;
				INFOPLIST_FILE = "MyNextTrain WatchKit App/Info.plist";
				PRODUCT_BUNDLE_IDENTIFIER = com.riaz.fahad.MyNextTrain.watchkitapp;
				PRODUCT_NAME = "$(TARGET_NAME)";
				SDKROOT = watchos;
				SKIP_INSTALL = YES;
				SWIFT_VERSION = 3.0;
				TARGETED_DEVICE_FAMILY = 4;
				WATCHOS_DEPLOYMENT_TARGET = 3.0;
			};
			name = Debug;
		};
		0B5C962A1D6010CF00F66B8F /* Release */ = {
			isa = XCBuildConfiguration;
			baseConfigurationReference = 77A5B6968C5BF5E1D9D5B66B /* Pods-MyNextTrain WatchKit App.release.xcconfig */;
			buildSettings = {
				ALWAYS_EMBED_SWIFT_STANDARD_LIBRARIES = YES;
				ASSETCATALOG_COMPILER_APPICON_NAME = AppIcon;
				DEVELOPMENT_TEAM = RBL3RYPXUS;
				IBSC_MODULE = MyNextTrain_WatchKit_Extension;
				INFOPLIST_FILE = "MyNextTrain WatchKit App/Info.plist";
				PRODUCT_BUNDLE_IDENTIFIER = com.riaz.fahad.MyNextTrain.watchkitapp;
				PRODUCT_NAME = "$(TARGET_NAME)";
				SDKROOT = watchos;
				SKIP_INSTALL = YES;
				SWIFT_VERSION = 3.0;
				TARGETED_DEVICE_FAMILY = 4;
				WATCHOS_DEPLOYMENT_TARGET = 3.0;
			};
			name = Release;
		};
		0B5C962D1D6010CF00F66B8F /* Debug */ = {
			isa = XCBuildConfiguration;
			baseConfigurationReference = 7CFBFA7DEAAAB0C5CBD37B01 /* Pods-MyNextTrain.debug.xcconfig */;
			buildSettings = {
				ALWAYS_EMBED_SWIFT_STANDARD_LIBRARIES = YES;
				ASSETCATALOG_COMPILER_APPICON_NAME = AppIcon;
				DEVELOPMENT_TEAM = RBL3RYPXUS;
				INFOPLIST_FILE = MyNextTrain/Info.plist;
				IPHONEOS_DEPLOYMENT_TARGET = 9.0;
				LD_RUNPATH_SEARCH_PATHS = "$(inherited) @executable_path/Frameworks";
				OTHER_SWIFT_FLAGS = "$(inherited)";
				PRODUCT_BUNDLE_IDENTIFIER = com.riaz.fahad.MyNextTrain;
				PRODUCT_NAME = "$(TARGET_NAME)";
				SWIFT_OBJC_BRIDGING_HEADER = "";
				SWIFT_VERSION = 3.0;
			};
			name = Debug;
		};
		0B5C962E1D6010CF00F66B8F /* Release */ = {
			isa = XCBuildConfiguration;
			baseConfigurationReference = 547A9A703D041414749C41EA /* Pods-MyNextTrain.release.xcconfig */;
			buildSettings = {
				ALWAYS_EMBED_SWIFT_STANDARD_LIBRARIES = YES;
				ASSETCATALOG_COMPILER_APPICON_NAME = AppIcon;
				DEVELOPMENT_TEAM = RBL3RYPXUS;
				INFOPLIST_FILE = MyNextTrain/Info.plist;
				IPHONEOS_DEPLOYMENT_TARGET = 9.0;
				LD_RUNPATH_SEARCH_PATHS = "$(inherited) @executable_path/Frameworks";
				OTHER_SWIFT_FLAGS = "$(inherited)";
				PRODUCT_BUNDLE_IDENTIFIER = com.riaz.fahad.MyNextTrain;
				PRODUCT_NAME = "$(TARGET_NAME)";
				SWIFT_OBJC_BRIDGING_HEADER = "";
				SWIFT_VERSION = 3.0;
			};
			name = Release;
		};
/* End XCBuildConfiguration section */

/* Begin XCConfigurationList section */
		0B5C95EA1D6010CE00F66B8F /* Build configuration list for PBXProject "MyNextTrain" */ = {
			isa = XCConfigurationList;
			buildConfigurations = (
				0B5C96221D6010CF00F66B8F /* Debug */,
				0B5C96231D6010CF00F66B8F /* Release */,
			);
			defaultConfigurationIsVisible = 0;
			defaultConfigurationName = Release;
		};
		0B5C96241D6010CF00F66B8F /* Build configuration list for PBXNativeTarget "MyNextTrain WatchKit Extension" */ = {
			isa = XCConfigurationList;
			buildConfigurations = (
				0B5C96251D6010CF00F66B8F /* Debug */,
				0B5C96261D6010CF00F66B8F /* Release */,
			);
			defaultConfigurationIsVisible = 0;
			defaultConfigurationName = Release;
		};
		0B5C96281D6010CF00F66B8F /* Build configuration list for PBXNativeTarget "MyNextTrain WatchKit App" */ = {
			isa = XCConfigurationList;
			buildConfigurations = (
				0B5C96291D6010CF00F66B8F /* Debug */,
				0B5C962A1D6010CF00F66B8F /* Release */,
			);
			defaultConfigurationIsVisible = 0;
			defaultConfigurationName = Release;
		};
		0B5C962C1D6010CF00F66B8F /* Build configuration list for PBXNativeTarget "MyNextTrain" */ = {
			isa = XCConfigurationList;
			buildConfigurations = (
				0B5C962D1D6010CF00F66B8F /* Debug */,
				0B5C962E1D6010CF00F66B8F /* Release */,
			);
			defaultConfigurationIsVisible = 0;
			defaultConfigurationName = Release;
		};
/* End XCConfigurationList section */
	};
	rootObject = 0B5C95E71D6010CE00F66B8F /* Project object */;
}
